
Microsoft Visual Studio Solution File, Format Version 11.00
# Visual Studio 2010
Project("{FAE04EC0-301F-11D3-BF4B-00C04F79EFBC}") = "Assembly-CSharp", "Assembly-CSharp.csproj", "{6d8fc655-7398-4205-5693-0a8275624712}"
EndProject
Project("{FAE04EC0-301F-11D3-BF4B-00C04F79EFBC}") = "Assembly-CSharp-Editor", "Assembly-CSharp-Editor.csproj", "{5c11fffe-d08f-aa27-8311-5c3841089e4b}"
EndProject
Global
	GlobalSection(SolutionConfigurationPlatforms) = preSolution
		Debug|Any CPU = Debug|Any CPU
		Release|Any CPU = Release|Any CPU
	EndGlobalSection
	GlobalSection(ProjectConfigurationPlatforms) = postSolution
		{6d8fc655-7398-4205-5693-0a8275624712}.Debug|Any CPU.ActiveCfg = Debug|Any CPU
		{6d8fc655-7398-4205-5693-0a8275624712}.Debug|Any CPU.Build.0 = Debug|Any CPU
		{6d8fc655-7398-4205-5693-0a8275624712}.Release|Any CPU.ActiveCfg = Release|Any CPU
		{6d8fc655-7398-4205-5693-0a8275624712}.Release|Any CPU.Build.0 = Release|Any CPU
		{5c11fffe-d08f-aa27-8311-5c3841089e4b}.Debug|Any CPU.ActiveCfg = Debug|Any CPU
		{5c11fffe-d08f-aa27-8311-5c3841089e4b}.Debug|Any CPU.Build.0 = Debug|Any CPU
		{5c11fffe-d08f-aa27-8311-5c3841089e4b}.Release|Any CPU.ActiveCfg = Release|Any CPU
		{5c11fffe-d08f-aa27-8311-5c3841089e4b}.Release|Any CPU.Build.0 = Release|Any CPU
	EndGlobalSection
	GlobalSection(SolutionProperties) = preSolution
		HideSolutionNode = FALSE
	EndGlobalSection
EndGlobal
